// !$*UTF8*$!
{
	archiveVersion = 1;
	classes = {
	};
	objectVersion = 52;
	objects = {

/* Begin PBXBuildFile section */
		4726232D232C45BB00C056C0 /* TransitSystemPickerViewModel.swift in Sources */ = {isa = PBXBuildFile; fileRef = 4726232C232C45BB00C056C0 /* TransitSystemPickerViewModel.swift */; };
		4742F61022DFC94F00863C6E /* StationState.swift in Sources */ = {isa = PBXBuildFile; fileRef = 4742F60F22DFC94F00863C6E /* StationState.swift */; };
		4742F61322DFCA1E00863C6E /* StationActions.swift in Sources */ = {isa = PBXBuildFile; fileRef = 4742F61222DFCA1E00863C6E /* StationActions.swift */; };
		4742F61522DFCA8600863C6E /* StationReducer.swift in Sources */ = {isa = PBXBuildFile; fileRef = 4742F61422DFCA8600863C6E /* StationReducer.swift */; };
		4791937E22AA854C00EA30E4 /* LocationManager.swift in Sources */ = {isa = PBXBuildFile; fileRef = 4791937D22AA854C00EA30E4 /* LocationManager.swift */; };
		4794CB7C22AA81930065091F /* AppDelegate.swift in Sources */ = {isa = PBXBuildFile; fileRef = 4794CB7B22AA81930065091F /* AppDelegate.swift */; };
		4794CB7E22AA81930065091F /* SceneDelegate.swift in Sources */ = {isa = PBXBuildFile; fileRef = 4794CB7D22AA81930065091F /* SceneDelegate.swift */; };
		4794CB8022AA81930065091F /* ContentView.swift in Sources */ = {isa = PBXBuildFile; fileRef = 4794CB7F22AA81930065091F /* ContentView.swift */; };
		4794CB8222AA81950065091F /* Assets.xcassets in Resources */ = {isa = PBXBuildFile; fileRef = 4794CB8122AA81950065091F /* Assets.xcassets */; };
		4794CB8522AA81950065091F /* Preview Assets.xcassets in Resources */ = {isa = PBXBuildFile; fileRef = 4794CB8422AA81950065091F /* Preview Assets.xcassets */; };
		4794CB8822AA81950065091F /* LaunchScreen.storyboard in Resources */ = {isa = PBXBuildFile; fileRef = 4794CB8622AA81950065091F /* LaunchScreen.storyboard */; };
		47A88E4B22DF40D5009E4CAF /* StationListCell.swift in Sources */ = {isa = PBXBuildFile; fileRef = 47A88E4A22DF40D5009E4CAF /* StationListCell.swift */; };
		7C19DCCC22E4AD3A00708071 /* StationPickerView.swift in Sources */ = {isa = PBXBuildFile; fileRef = 7C19DCCB22E4AD3A00708071 /* StationPickerView.swift */; };
		7C19DCCE22E4F24000708071 /* Trip.swift in Sources */ = {isa = PBXBuildFile; fileRef = 7C19DCCD22E4F24000708071 /* Trip.swift */; };
		7C19DCD022E4F5BB00708071 /* TitledButton.swift in Sources */ = {isa = PBXBuildFile; fileRef = 7C19DCCF22E4F5BB00708071 /* TitledButton.swift */; };
		7C30BB3823287A1400EE77ED /* UserDefaultStorage.swift in Sources */ = {isa = PBXBuildFile; fileRef = 7C30BB3723287A1400EE77ED /* UserDefaultStorage.swift */; };
		7C30BB3D2328F93700EE77ED /* StationTests.swift in Sources */ = {isa = PBXBuildFile; fileRef = 7C30BB3C2328F93700EE77ED /* StationTests.swift */; };
		7C30BB412329CC9000EE77ED /* LocationStateTests.swift in Sources */ = {isa = PBXBuildFile; fileRef = 7C30BB402329CC9000EE77ED /* LocationStateTests.swift */; };
		7C3301DC233CBF2A001CC8A2 /* AppDelegateService.swift in Sources */ = {isa = PBXBuildFile; fileRef = 7C3301DB233CBF2A001CC8A2 /* AppDelegateService.swift */; };
		7C3456E222EE29E200B341B0 /* Mocks.swift in Sources */ = {isa = PBXBuildFile; fileRef = 7C3456E122EE29E200B341B0 /* Mocks.swift */; };
		7C3456E422EE7B4F00B341B0 /* CustomStringConvertibleExtension.swift in Sources */ = {isa = PBXBuildFile; fileRef = 7C3456E322EE7B4F00B341B0 /* CustomStringConvertibleExtension.swift */; };
		7C3456E622F056F200B341B0 /* PermissionManager.swift in Sources */ = {isa = PBXBuildFile; fileRef = 7C3456E522F056F200B341B0 /* PermissionManager.swift */; };
		7C3591AC22F775FD00E2B19A /* TransitFeedsAPI.swift in Sources */ = {isa = PBXBuildFile; fileRef = 7C3591AB22F775FD00E2B19A /* TransitFeedsAPI.swift */; };
		7C3591AF22F901EE00E2B19A /* SwiftUIFlux in Frameworks */ = {isa = PBXBuildFile; productRef = 7C3591AE22F901EE00E2B19A /* SwiftUIFlux */; };
		7C3591B122FACE8400E2B19A /* DocumentsDirectoryWriterService.swift in Sources */ = {isa = PBXBuildFile; fileRef = 7C3591B022FACE8400E2B19A /* DocumentsDirectoryWriterService.swift */; };
		7C3591CE22FBA32900E2B19A /* ZIPFoundation in Frameworks */ = {isa = PBXBuildFile; productRef = 7C3591CD22FBA32900E2B19A /* ZIPFoundation */; };
		7C3591D022FBABF100E2B19A /* TransitSystem.swift in Sources */ = {isa = PBXBuildFile; fileRef = 7C3591CF22FBABF100E2B19A /* TransitSystem.swift */; };
		7C3591ED2300ED2100E2B19A /* CollectionExtensions.swift in Sources */ = {isa = PBXBuildFile; fileRef = 7C3591EC2300ED2100E2B19A /* CollectionExtensions.swift */; };
		7C3591EF2300F42A00E2B19A /* GTFSService.swift in Sources */ = {isa = PBXBuildFile; fileRef = 7C3591EE2300F42A00E2B19A /* GTFSService.swift */; };
		7C3591F12300F4E200E2B19A /* UnzippingService.swift in Sources */ = {isa = PBXBuildFile; fileRef = 7C3591F02300F4E200E2B19A /* UnzippingService.swift */; };
		7C3759532324702F000B129E /* Constants.swift in Sources */ = {isa = PBXBuildFile; fileRef = 7C3759522324702F000B129E /* Constants.swift */; };
		7C37595623247050000B129E /* ConstantsProtocol.swift in Sources */ = {isa = PBXBuildFile; fileRef = 7C37595523247050000B129E /* ConstantsProtocol.swift */; };
		7C375958232492F8000B129E /* TransitFeedsResponse.swift in Sources */ = {isa = PBXBuildFile; fileRef = 7C375957232492F8000B129E /* TransitFeedsResponse.swift */; };
		7C43D43C22D5E819008AC918 /* ContentViewModel.swift in Sources */ = {isa = PBXBuildFile; fileRef = 7C43D43B22D5E819008AC918 /* ContentViewModel.swift */; };
		7C45170222D95F210073E398 /* AppState.swift in Sources */ = {isa = PBXBuildFile; fileRef = 7C45170122D95F210073E398 /* AppState.swift */; };
		7C45170422D95F430073E398 /* LocationState.swift in Sources */ = {isa = PBXBuildFile; fileRef = 7C45170322D95F430073E398 /* LocationState.swift */; };
		7C4CB5FB2314BC2000CAA3AA /* TransitSystemPicker.swift in Sources */ = {isa = PBXBuildFile; fileRef = 7C4CB5FA2314BC2000CAA3AA /* TransitSystemPicker.swift */; };
		7C4CB5FD2314BD0800CAA3AA /* TransitSystemReducer.swift in Sources */ = {isa = PBXBuildFile; fileRef = 7C4CB5FC2314BD0800CAA3AA /* TransitSystemReducer.swift */; };
		7C4CB5FF2314BD3900CAA3AA /* TransitSystemState.swift in Sources */ = {isa = PBXBuildFile; fileRef = 7C4CB5FE2314BD3900CAA3AA /* TransitSystemState.swift */; };
		7C4CB601231532F300CAA3AA /* LoggingMiddleware.swift in Sources */ = {isa = PBXBuildFile; fileRef = 7C4CB600231532F200CAA3AA /* LoggingMiddleware.swift */; };
		7C69DFE522E7E4B900240313 /* TripActions.swift in Sources */ = {isa = PBXBuildFile; fileRef = 7C69DFE422E7E4B900240313 /* TripActions.swift */; };
		7C69DFE722E7E53100240313 /* TripReducer.swift in Sources */ = {isa = PBXBuildFile; fileRef = 7C69DFE622E7E53100240313 /* TripReducer.swift */; };
		7C69DFE922E7E55A00240313 /* TripState.swift in Sources */ = {isa = PBXBuildFile; fileRef = 7C69DFE822E7E55A00240313 /* TripState.swift */; };
		7C69DFEF22E9B08D00240313 /* CLLocationExtension.swift in Sources */ = {isa = PBXBuildFile; fileRef = 7C69DFEE22E9B08D00240313 /* CLLocationExtension.swift */; };
		7C7EB57F22E48E9300AF7418 /* Station.swift in Sources */ = {isa = PBXBuildFile; fileRef = 7C7EB57E22E48E9300AF7418 /* Station.swift */; };
		7C93648D2325D58E00E01D12 /* API.swift in Sources */ = {isa = PBXBuildFile; fileRef = 7C93648C2325D58E00E01D12 /* API.swift */; };
		7C93648F2325D6BF00E01D12 /* TransitSystemActions.swift in Sources */ = {isa = PBXBuildFile; fileRef = 7C93648E2325D6BF00E01D12 /* TransitSystemActions.swift */; };
		7C9364912325D6ED00E01D12 /* NetworkingActions.swift in Sources */ = {isa = PBXBuildFile; fileRef = 7C9364902325D6ED00E01D12 /* NetworkingActions.swift */; };
		7C9364942325D8A600E01D12 /* TransitFeedsPicker.swift in Sources */ = {isa = PBXBuildFile; fileRef = 7C9364932325D8A600E01D12 /* TransitFeedsPicker.swift */; };
		7C9364962325DE0F00E01D12 /* Default-568h@2x.png in Resources */ = {isa = PBXBuildFile; fileRef = 7C9364952325DE0F00E01D12 /* Default-568h@2x.png */; };
		7C9364992325DF3300E01D12 /* GTFS in Frameworks */ = {isa = PBXBuildFile; productRef = 7C9364982325DF3300E01D12 /* GTFS */; };
		7C93649B2327260400E01D12 /* UserDefaultStorage.swift in Sources */ = {isa = PBXBuildFile; fileRef = 7C93649A2327260400E01D12 /* UserDefaultStorage.swift */; };
		7C9364A02327300100E01D12 /* Persistable.swift in Sources */ = {isa = PBXBuildFile; fileRef = 7C93649F2327300100E01D12 /* Persistable.swift */; };
		7CA07E99232B25E10072B7F3 /* TransitFeedsPickerViewModel.swift in Sources */ = {isa = PBXBuildFile; fileRef = 7CA07E98232B25E10072B7F3 /* TransitFeedsPickerViewModel.swift */; };
		7CAB9D5122DC078F002E215F /* AppReducer.swift in Sources */ = {isa = PBXBuildFile; fileRef = 7CAB9D5022DC078F002E215F /* AppReducer.swift */; };
		7CAB9D5322DC08A0002E215F /* LocationReducer.swift in Sources */ = {isa = PBXBuildFile; fileRef = 7CAB9D5222DC08A0002E215F /* LocationReducer.swift */; };
		7CAB9D5522DC8183002E215F /* CreateStartStation.swift in Sources */ = {isa = PBXBuildFile; fileRef = 7CAB9D5422DC8183002E215F /* CreateStartStation.swift */; };
		7CB6754922DEA99D0095E04B /* SearchField.swift in Sources */ = {isa = PBXBuildFile; fileRef = 7CB6754822DEA99D0095E04B /* SearchField.swift */; };
/* End PBXBuildFile section */

/* Begin PBXContainerItemProxy section */
		4794CB8F22AA81950065091F /* PBXContainerItemProxy */ = {
			isa = PBXContainerItemProxy;
			containerPortal = 4794CB7022AA81930065091F /* Project object */;
			proxyType = 1;
			remoteGlobalIDString = 4794CB7722AA81930065091F;
			remoteInfo = "Station Notifier";
		};
/* End PBXContainerItemProxy section */

/* Begin PBXCopyFilesBuildPhase section */
		7C3591EB2300603400E2B19A /* Embed Frameworks */ = {
			isa = PBXCopyFilesBuildPhase;
			buildActionMask = 2147483647;
			dstPath = "";
			dstSubfolderSpec = 10;
			files = (
			);
			name = "Embed Frameworks";
			runOnlyForDeploymentPostprocessing = 0;
		};
/* End PBXCopyFilesBuildPhase section */

/* Begin PBXFileReference section */
		4726232C232C45BB00C056C0 /* TransitSystemPickerViewModel.swift */ = {isa = PBXFileReference; lastKnownFileType = sourcecode.swift; path = TransitSystemPickerViewModel.swift; sourceTree = "<group>"; };
		4742F60F22DFC94F00863C6E /* StationState.swift */ = {isa = PBXFileReference; lastKnownFileType = sourcecode.swift; path = StationState.swift; sourceTree = "<group>"; };
		4742F61222DFCA1E00863C6E /* StationActions.swift */ = {isa = PBXFileReference; lastKnownFileType = sourcecode.swift; path = StationActions.swift; sourceTree = "<group>"; };
		4742F61422DFCA8600863C6E /* StationReducer.swift */ = {isa = PBXFileReference; lastKnownFileType = sourcecode.swift; path = StationReducer.swift; sourceTree = "<group>"; };
		4791937D22AA854C00EA30E4 /* LocationManager.swift */ = {isa = PBXFileReference; lastKnownFileType = sourcecode.swift; path = LocationManager.swift; sourceTree = "<group>"; };
		4794CB7822AA81930065091F /* Station Notifier.app */ = {isa = PBXFileReference; explicitFileType = wrapper.application; includeInIndex = 0; path = "Station Notifier.app"; sourceTree = BUILT_PRODUCTS_DIR; };
		4794CB7B22AA81930065091F /* AppDelegate.swift */ = {isa = PBXFileReference; lastKnownFileType = sourcecode.swift; path = AppDelegate.swift; sourceTree = "<group>"; };
		4794CB7D22AA81930065091F /* SceneDelegate.swift */ = {isa = PBXFileReference; lastKnownFileType = sourcecode.swift; path = SceneDelegate.swift; sourceTree = "<group>"; };
		4794CB7F22AA81930065091F /* ContentView.swift */ = {isa = PBXFileReference; lastKnownFileType = sourcecode.swift; path = ContentView.swift; sourceTree = "<group>"; };
		4794CB8122AA81950065091F /* Assets.xcassets */ = {isa = PBXFileReference; lastKnownFileType = folder.assetcatalog; path = Assets.xcassets; sourceTree = "<group>"; };
		4794CB8422AA81950065091F /* Preview Assets.xcassets */ = {isa = PBXFileReference; lastKnownFileType = folder.assetcatalog; path = "Preview Assets.xcassets"; sourceTree = "<group>"; };
		4794CB8722AA81950065091F /* Base */ = {isa = PBXFileReference; lastKnownFileType = file.storyboard; name = Base; path = Base.lproj/LaunchScreen.storyboard; sourceTree = "<group>"; };
		4794CB8922AA81950065091F /* Info.plist */ = {isa = PBXFileReference; lastKnownFileType = text.plist.xml; path = Info.plist; sourceTree = "<group>"; };
		4794CB8E22AA81950065091F /* Station NotifierTests.xctest */ = {isa = PBXFileReference; explicitFileType = wrapper.cfbundle; includeInIndex = 0; path = "Station NotifierTests.xctest"; sourceTree = BUILT_PRODUCTS_DIR; };
		4794CB9422AA81950065091F /* Info.plist */ = {isa = PBXFileReference; lastKnownFileType = text.plist.xml; path = Info.plist; sourceTree = "<group>"; };
		47A88E4A22DF40D5009E4CAF /* StationListCell.swift */ = {isa = PBXFileReference; lastKnownFileType = sourcecode.swift; path = StationListCell.swift; sourceTree = "<group>"; };
		7C19DCCB22E4AD3A00708071 /* StationPickerView.swift */ = {isa = PBXFileReference; lastKnownFileType = sourcecode.swift; path = StationPickerView.swift; sourceTree = "<group>"; };
		7C19DCCD22E4F24000708071 /* Trip.swift */ = {isa = PBXFileReference; lastKnownFileType = sourcecode.swift; path = Trip.swift; sourceTree = "<group>"; };
		7C19DCCF22E4F5BB00708071 /* TitledButton.swift */ = {isa = PBXFileReference; lastKnownFileType = sourcecode.swift; path = TitledButton.swift; sourceTree = "<group>"; };
		7C30BB3723287A1400EE77ED /* UserDefaultStorage.swift */ = {isa = PBXFileReference; fileEncoding = 4; lastKnownFileType = sourcecode.swift; name = UserDefaultStorage.swift; path = "New Group/UserDefaultStorage.swift"; sourceTree = "<group>"; };
		7C30BB3C2328F93700EE77ED /* StationTests.swift */ = {isa = PBXFileReference; lastKnownFileType = sourcecode.swift; path = StationTests.swift; sourceTree = "<group>"; };
		7C30BB402329CC9000EE77ED /* LocationStateTests.swift */ = {isa = PBXFileReference; lastKnownFileType = sourcecode.swift; path = LocationStateTests.swift; sourceTree = "<group>"; };
		7C3301DB233CBF2A001CC8A2 /* AppDelegateService.swift */ = {isa = PBXFileReference; lastKnownFileType = sourcecode.swift; path = AppDelegateService.swift; sourceTree = "<group>"; };
		7C3456E122EE29E200B341B0 /* Mocks.swift */ = {isa = PBXFileReference; lastKnownFileType = sourcecode.swift; path = Mocks.swift; sourceTree = "<group>"; };
		7C3456E322EE7B4F00B341B0 /* CustomStringConvertibleExtension.swift */ = {isa = PBXFileReference; lastKnownFileType = sourcecode.swift; path = CustomStringConvertibleExtension.swift; sourceTree = "<group>"; };
		7C3456E522F056F200B341B0 /* PermissionManager.swift */ = {isa = PBXFileReference; lastKnownFileType = sourcecode.swift; path = PermissionManager.swift; sourceTree = "<group>"; };
		7C3591AB22F775FD00E2B19A /* TransitFeedsAPI.swift */ = {isa = PBXFileReference; lastKnownFileType = sourcecode.swift; path = TransitFeedsAPI.swift; sourceTree = "<group>"; };
		7C3591B022FACE8400E2B19A /* DocumentsDirectoryWriterService.swift */ = {isa = PBXFileReference; lastKnownFileType = sourcecode.swift; path = DocumentsDirectoryWriterService.swift; sourceTree = "<group>"; };
		7C3591CF22FBABF100E2B19A /* TransitSystem.swift */ = {isa = PBXFileReference; lastKnownFileType = sourcecode.swift; path = TransitSystem.swift; sourceTree = "<group>"; };
		7C3591EC2300ED2100E2B19A /* CollectionExtensions.swift */ = {isa = PBXFileReference; lastKnownFileType = sourcecode.swift; path = CollectionExtensions.swift; sourceTree = "<group>"; };
		7C3591EE2300F42A00E2B19A /* GTFSService.swift */ = {isa = PBXFileReference; lastKnownFileType = sourcecode.swift; path = GTFSService.swift; sourceTree = "<group>"; };
		7C3591F02300F4E200E2B19A /* UnzippingService.swift */ = {isa = PBXFileReference; lastKnownFileType = sourcecode.swift; path = UnzippingService.swift; sourceTree = "<group>"; };
		7C3759522324702F000B129E /* Constants.swift */ = {isa = PBXFileReference; lastKnownFileType = sourcecode.swift; path = Constants.swift; sourceTree = "<group>"; };
		7C37595523247050000B129E /* ConstantsProtocol.swift */ = {isa = PBXFileReference; lastKnownFileType = sourcecode.swift; path = ConstantsProtocol.swift; sourceTree = "<group>"; };
		7C375957232492F8000B129E /* TransitFeedsResponse.swift */ = {isa = PBXFileReference; lastKnownFileType = sourcecode.swift; path = TransitFeedsResponse.swift; sourceTree = "<group>"; };
		7C43D43B22D5E819008AC918 /* ContentViewModel.swift */ = {isa = PBXFileReference; lastKnownFileType = sourcecode.swift; path = ContentViewModel.swift; sourceTree = "<group>"; };
		7C45170122D95F210073E398 /* AppState.swift */ = {isa = PBXFileReference; lastKnownFileType = sourcecode.swift; path = AppState.swift; sourceTree = "<group>"; };
		7C45170322D95F430073E398 /* LocationState.swift */ = {isa = PBXFileReference; lastKnownFileType = sourcecode.swift; path = LocationState.swift; sourceTree = "<group>"; };
		7C4CB5FA2314BC2000CAA3AA /* TransitSystemPicker.swift */ = {isa = PBXFileReference; lastKnownFileType = sourcecode.swift; path = TransitSystemPicker.swift; sourceTree = "<group>"; };
		7C4CB5FC2314BD0800CAA3AA /* TransitSystemReducer.swift */ = {isa = PBXFileReference; lastKnownFileType = sourcecode.swift; path = TransitSystemReducer.swift; sourceTree = "<group>"; };
		7C4CB5FE2314BD3900CAA3AA /* TransitSystemState.swift */ = {isa = PBXFileReference; lastKnownFileType = sourcecode.swift; path = TransitSystemState.swift; sourceTree = "<group>"; };
		7C4CB600231532F200CAA3AA /* LoggingMiddleware.swift */ = {isa = PBXFileReference; lastKnownFileType = sourcecode.swift; name = LoggingMiddleware.swift; path = ../../LoggingMiddleware.swift; sourceTree = "<group>"; };
		7C69DFE422E7E4B900240313 /* TripActions.swift */ = {isa = PBXFileReference; lastKnownFileType = sourcecode.swift; path = TripActions.swift; sourceTree = "<group>"; };
		7C69DFE622E7E53100240313 /* TripReducer.swift */ = {isa = PBXFileReference; lastKnownFileType = sourcecode.swift; path = TripReducer.swift; sourceTree = "<group>"; };
		7C69DFE822E7E55A00240313 /* TripState.swift */ = {isa = PBXFileReference; lastKnownFileType = sourcecode.swift; path = TripState.swift; sourceTree = "<group>"; };
		7C69DFEE22E9B08D00240313 /* CLLocationExtension.swift */ = {isa = PBXFileReference; lastKnownFileType = sourcecode.swift; path = CLLocationExtension.swift; sourceTree = "<group>"; };
		7C7EB57E22E48E9300AF7418 /* Station.swift */ = {isa = PBXFileReference; lastKnownFileType = sourcecode.swift; path = Station.swift; sourceTree = "<group>"; };
		7C93648C2325D58E00E01D12 /* API.swift */ = {isa = PBXFileReference; lastKnownFileType = sourcecode.swift; path = API.swift; sourceTree = "<group>"; };
		7C93648E2325D6BF00E01D12 /* TransitSystemActions.swift */ = {isa = PBXFileReference; lastKnownFileType = sourcecode.swift; path = TransitSystemActions.swift; sourceTree = "<group>"; };
		7C9364902325D6ED00E01D12 /* NetworkingActions.swift */ = {isa = PBXFileReference; lastKnownFileType = sourcecode.swift; path = NetworkingActions.swift; sourceTree = "<group>"; };
		7C9364932325D8A600E01D12 /* TransitFeedsPicker.swift */ = {isa = PBXFileReference; lastKnownFileType = sourcecode.swift; path = TransitFeedsPicker.swift; sourceTree = "<group>"; };
		7C9364952325DE0F00E01D12 /* Default-568h@2x.png */ = {isa = PBXFileReference; lastKnownFileType = image.png; path = "Default-568h@2x.png"; sourceTree = "<group>"; };
		7C93649A2327260400E01D12 /* UserDefaultStorage.swift */ = {isa = PBXFileReference; lastKnownFileType = sourcecode.swift; path = UserDefaultStorage.swift; sourceTree = "<group>"; };
		7C93649F2327300100E01D12 /* Persistable.swift */ = {isa = PBXFileReference; lastKnownFileType = sourcecode.swift; path = Persistable.swift; sourceTree = "<group>"; };
		7CA07E97232A4C590072B7F3 /* GTFS */ = {isa = PBXFileReference; lastKnownFileType = folder; name = GTFS; path = ../../../../../System/Volumes/Data/Users/ryanstone/Documents/Development/GTFS; sourceTree = "<group>"; };
		7CA07E98232B25E10072B7F3 /* TransitFeedsPickerViewModel.swift */ = {isa = PBXFileReference; lastKnownFileType = sourcecode.swift; path = TransitFeedsPickerViewModel.swift; sourceTree = "<group>"; };
		7CAB9D5022DC078F002E215F /* AppReducer.swift */ = {isa = PBXFileReference; lastKnownFileType = sourcecode.swift; path = AppReducer.swift; sourceTree = "<group>"; };
		7CAB9D5222DC08A0002E215F /* LocationReducer.swift */ = {isa = PBXFileReference; lastKnownFileType = sourcecode.swift; path = LocationReducer.swift; sourceTree = "<group>"; };
		7CAB9D5422DC8183002E215F /* CreateStartStation.swift */ = {isa = PBXFileReference; lastKnownFileType = sourcecode.swift; path = CreateStartStation.swift; sourceTree = "<group>"; };
		7CB6754822DEA99D0095E04B /* SearchField.swift */ = {isa = PBXFileReference; lastKnownFileType = sourcecode.swift; path = SearchField.swift; sourceTree = "<group>"; };
/* End PBXFileReference section */

/* Begin PBXFrameworksBuildPhase section */
		4794CB7522AA81930065091F /* Frameworks */ = {
			isa = PBXFrameworksBuildPhase;
			buildActionMask = 2147483647;
			files = (
				7C3591AF22F901EE00E2B19A /* SwiftUIFlux in Frameworks */,
				7C9364992325DF3300E01D12 /* GTFS in Frameworks */,
				7C3591CE22FBA32900E2B19A /* ZIPFoundation in Frameworks */,
			);
			runOnlyForDeploymentPostprocessing = 0;
		};
		4794CB8B22AA81950065091F /* Frameworks */ = {
			isa = PBXFrameworksBuildPhase;
			buildActionMask = 2147483647;
			files = (
			);
			runOnlyForDeploymentPostprocessing = 0;
		};
/* End PBXFrameworksBuildPhase section */

/* Begin PBXGroup section */
		4742F61122DFCA0C00863C6E /* Actions */ = {
			isa = PBXGroup;
			children = (
				4742F61222DFCA1E00863C6E /* StationActions.swift */,
				7C69DFE422E7E4B900240313 /* TripActions.swift */,
				7C93648E2325D6BF00E01D12 /* TransitSystemActions.swift */,
				7C9364902325D6ED00E01D12 /* NetworkingActions.swift */,
			);
			path = Actions;
			sourceTree = "<group>";
		};
		4791937922AA83BE00EA30E4 /* Services */ = {
			isa = PBXGroup;
			children = (
				7C3591B022FACE8400E2B19A /* DocumentsDirectoryWriterService.swift */,
				7C3591EE2300F42A00E2B19A /* GTFSService.swift */,
				7C3591F02300F4E200E2B19A /* UnzippingService.swift */,
				7C93649A2327260400E01D12 /* UserDefaultStorage.swift */,
				7C3301DB233CBF2A001CC8A2 /* AppDelegateService.swift */,
			);
			path = Services;
			sourceTree = "<group>";
		};
		4791937C22AA854100EA30E4 /* Managers */ = {
			isa = PBXGroup;
			children = (
				4791937D22AA854C00EA30E4 /* LocationManager.swift */,
				7C3456E522F056F200B341B0 /* PermissionManager.swift */,
			);
			path = Managers;
			sourceTree = "<group>";
		};
		4794CB6F22AA81930065091F = {
			isa = PBXGroup;
			children = (
				7C9364952325DE0F00E01D12 /* Default-568h@2x.png */,
				7CA07E97232A4C590072B7F3 /* GTFS */,
				4794CB7A22AA81930065091F /* Station Notifier */,
				4794CB9122AA81950065091F /* Station NotifierTests */,
				4794CB7922AA81930065091F /* Products */,
				7C3591E022FF083C00E2B19A /* Frameworks */,
			);
			sourceTree = "<group>";
		};
		4794CB7922AA81930065091F /* Products */ = {
			isa = PBXGroup;
			children = (
				4794CB7822AA81930065091F /* Station Notifier.app */,
				4794CB8E22AA81950065091F /* Station NotifierTests.xctest */,
			);
			name = Products;
			sourceTree = "<group>";
		};
		4794CB7A22AA81930065091F /* Station Notifier */ = {
			isa = PBXGroup;
			children = (
				7C69DFED22E9B07600240313 /* Extensions */,
				7C45170022D95F0F0073E398 /* Flux */,
				4791937C22AA854100EA30E4 /* Managers */,
				7C480D5B22C98F9F005A10F6 /* Models */,
				7C3591AA22F706A800E2B19A /* Networking */,
				4794CB8322AA81950065091F /* Preview Content */,
				7C9364922325D7DF00E01D12 /* Other */,
				7C37595423247041000B129E /* Protocols */,
				4791937922AA83BE00EA30E4 /* Services */,
				7CB6754622DEA9600095E04B /* Views */,
			);
			path = "Station Notifier";
			sourceTree = "<group>";
		};
		4794CB8322AA81950065091F /* Preview Content */ = {
			isa = PBXGroup;
			children = (
				4794CB8422AA81950065091F /* Preview Assets.xcassets */,
			);
			path = "Preview Content";
			sourceTree = "<group>";
		};
		4794CB9122AA81950065091F /* Station NotifierTests */ = {
			isa = PBXGroup;
			children = (
				7C30BB3E2329CC7600EE77ED /* Flux */,
				7C30BB3723287A1400EE77ED /* UserDefaultStorage.swift */,
				7C3456DE22EDC6C800B341B0 /* Reducers */,
				4794CB9422AA81950065091F /* Info.plist */,
				7C3456E122EE29E200B341B0 /* Mocks.swift */,
				7C30BB3C2328F93700EE77ED /* StationTests.swift */,
			);
			path = "Station NotifierTests";
			sourceTree = "<group>";
		};
		7C30BB3E2329CC7600EE77ED /* Flux */ = {
			isa = PBXGroup;
			children = (
				7C30BB3F2329CC7E00EE77ED /* State */,
			);
			path = Flux;
			sourceTree = "<group>";
		};
		7C30BB3F2329CC7E00EE77ED /* State */ = {
			isa = PBXGroup;
			children = (
				7C30BB402329CC9000EE77ED /* LocationStateTests.swift */,
			);
			path = State;
			sourceTree = "<group>";
		};
		7C3456DE22EDC6C800B341B0 /* Reducers */ = {
			isa = PBXGroup;
			children = (
			);
			path = Reducers;
			sourceTree = "<group>";
		};
		7C3591AA22F706A800E2B19A /* Networking */ = {
			isa = PBXGroup;
			children = (
				7C3591AB22F775FD00E2B19A /* TransitFeedsAPI.swift */,
				7C93648C2325D58E00E01D12 /* API.swift */,
			);
			path = Networking;
			sourceTree = "<group>";
		};
		7C3591E022FF083C00E2B19A /* Frameworks */ = {
			isa = PBXGroup;
			children = (
			);
			name = Frameworks;
			sourceTree = "<group>";
		};
		7C37595423247041000B129E /* Protocols */ = {
			isa = PBXGroup;
			children = (
				7C37595523247050000B129E /* ConstantsProtocol.swift */,
				7C93649F2327300100E01D12 /* Persistable.swift */,
			);
			path = Protocols;
			sourceTree = "<group>";
		};
		7C45170022D95F0F0073E398 /* Flux */ = {
			isa = PBXGroup;
			children = (
				7C69DFEA22E92E9400240313 /* Middleware */,
				4742F61122DFCA0C00863C6E /* Actions */,
				7CAB9D4F22DC0778002E215F /* Reducers */,
				7CAB9D4E22DC076F002E215F /* State */,
				7CAB9D5422DC8183002E215F /* CreateStartStation.swift */,
			);
			path = Flux;
			sourceTree = "<group>";
		};
		7C480D5B22C98F9F005A10F6 /* Models */ = {
			isa = PBXGroup;
			children = (
				7C43D43B22D5E819008AC918 /* ContentViewModel.swift */,
				7C7EB57E22E48E9300AF7418 /* Station.swift */,
				7C19DCCD22E4F24000708071 /* Trip.swift */,
				7C3591CF22FBABF100E2B19A /* TransitSystem.swift */,
				7C375957232492F8000B129E /* TransitFeedsResponse.swift */,
			);
			path = Models;
			sourceTree = "<group>";
		};
		7C69DFEA22E92E9400240313 /* Middleware */ = {
			isa = PBXGroup;
			children = (
				7C4CB600231532F200CAA3AA /* LoggingMiddleware.swift */,
			);
			path = Middleware;
			sourceTree = "<group>";
		};
		7C69DFED22E9B07600240313 /* Extensions */ = {
			isa = PBXGroup;
			children = (
				7C69DFEE22E9B08D00240313 /* CLLocationExtension.swift */,
				7C3456E322EE7B4F00B341B0 /* CustomStringConvertibleExtension.swift */,
				7C3591EC2300ED2100E2B19A /* CollectionExtensions.swift */,
			);
			path = Extensions;
			sourceTree = "<group>";
		};
		7C9364922325D7DF00E01D12 /* Other */ = {
			isa = PBXGroup;
			children = (
				4794CB7B22AA81930065091F /* AppDelegate.swift */,
				4794CB7D22AA81930065091F /* SceneDelegate.swift */,
				4794CB8122AA81950065091F /* Assets.xcassets */,
				4794CB8622AA81950065091F /* LaunchScreen.storyboard */,
				4794CB8922AA81950065091F /* Info.plist */,
				7C3759522324702F000B129E /* Constants.swift */,
			);
			path = Other;
			sourceTree = "<group>";
		};
		7CAB9D4E22DC076F002E215F /* State */ = {
			isa = PBXGroup;
			children = (
				7C45170322D95F430073E398 /* LocationState.swift */,
				7C45170122D95F210073E398 /* AppState.swift */,
				4742F60F22DFC94F00863C6E /* StationState.swift */,
				7C69DFE822E7E55A00240313 /* TripState.swift */,
				7C4CB5FE2314BD3900CAA3AA /* TransitSystemState.swift */,
			);
			path = State;
			sourceTree = "<group>";
		};
		7CAB9D4F22DC0778002E215F /* Reducers */ = {
			isa = PBXGroup;
			children = (
				7CAB9D5022DC078F002E215F /* AppReducer.swift */,
				7CAB9D5222DC08A0002E215F /* LocationReducer.swift */,
				4742F61422DFCA8600863C6E /* StationReducer.swift */,
				7C69DFE622E7E53100240313 /* TripReducer.swift */,
				7C4CB5FC2314BD0800CAA3AA /* TransitSystemReducer.swift */,
			);
			path = Reducers;
			sourceTree = "<group>";
		};
		7CB6754622DEA9600095E04B /* Views */ = {
			isa = PBXGroup;
			children = (
				4794CB7F22AA81930065091F /* ContentView.swift */,
				7CB6754722DEA9870095E04B /* Shared */,
				47A88E4A22DF40D5009E4CAF /* StationListCell.swift */,
				7C19DCCB22E4AD3A00708071 /* StationPickerView.swift */,
				7C4CB5FA2314BC2000CAA3AA /* TransitSystemPicker.swift */,
				7C9364932325D8A600E01D12 /* TransitFeedsPicker.swift */,
				7CA07E98232B25E10072B7F3 /* TransitFeedsPickerViewModel.swift */,
				4726232C232C45BB00C056C0 /* TransitSystemPickerViewModel.swift */,
			);
			path = Views;
			sourceTree = "<group>";
		};
		7CB6754722DEA9870095E04B /* Shared */ = {
			isa = PBXGroup;
			children = (
				7CB6754822DEA99D0095E04B /* SearchField.swift */,
				7C19DCCF22E4F5BB00708071 /* TitledButton.swift */,
			);
			path = Shared;
			sourceTree = "<group>";
		};
/* End PBXGroup section */

/* Begin PBXNativeTarget section */
		4794CB7722AA81930065091F /* Station Notifier */ = {
			isa = PBXNativeTarget;
			buildConfigurationList = 4794CB9722AA81950065091F /* Build configuration list for PBXNativeTarget "Station Notifier" */;
			buildPhases = (
				4794CB7422AA81930065091F /* Sources */,
				4794CB7522AA81930065091F /* Frameworks */,
				4794CB7622AA81930065091F /* Resources */,
				7C3591EB2300603400E2B19A /* Embed Frameworks */,
			);
			buildRules = (
			);
			dependencies = (
			);
			name = "Station Notifier";
			packageProductDependencies = (
				7C3591AE22F901EE00E2B19A /* SwiftUIFlux */,
				7C3591CD22FBA32900E2B19A /* ZIPFoundation */,
				7C9364982325DF3300E01D12 /* GTFS */,
			);
			productName = "Station Notifier";
			productReference = 4794CB7822AA81930065091F /* Station Notifier.app */;
			productType = "com.apple.product-type.application";
		};
		4794CB8D22AA81950065091F /* Station NotifierTests */ = {
			isa = PBXNativeTarget;
			buildConfigurationList = 4794CB9A22AA81950065091F /* Build configuration list for PBXNativeTarget "Station NotifierTests" */;
			buildPhases = (
				4794CB8A22AA81950065091F /* Sources */,
				4794CB8B22AA81950065091F /* Frameworks */,
				4794CB8C22AA81950065091F /* Resources */,
			);
			buildRules = (
			);
			dependencies = (
				4794CB9022AA81950065091F /* PBXTargetDependency */,
			);
			name = "Station NotifierTests";
			productName = "Station NotifierTests";
			productReference = 4794CB8E22AA81950065091F /* Station NotifierTests.xctest */;
			productType = "com.apple.product-type.bundle.unit-test";
		};
/* End PBXNativeTarget section */

/* Begin PBXProject section */
		4794CB7022AA81930065091F /* Project object */ = {
			isa = PBXProject;
			attributes = {
				LastSwiftUpdateCheck = 1100;
				LastUpgradeCheck = 1100;
				ORGANIZATIONNAME = "Ryan Stone";
				TargetAttributes = {
					4794CB7722AA81930065091F = {
						CreatedOnToolsVersion = 11.0;
					};
					4794CB8D22AA81950065091F = {
						CreatedOnToolsVersion = 11.0;
						TestTargetID = 4794CB7722AA81930065091F;
					};
				};
			};
			buildConfigurationList = 4794CB7322AA81930065091F /* Build configuration list for PBXProject "Station Notifier" */;
			compatibilityVersion = "Xcode 9.3";
			developmentRegion = en;
			hasScannedForEncodings = 0;
			knownRegions = (
				en,
				Base,
			);
			mainGroup = 4794CB6F22AA81930065091F;
			packageReferences = (
				7C3591AD22F901EE00E2B19A /* XCRemoteSwiftPackageReference "SwiftUIFlux" */,
				7C3591CC22FBA32900E2B19A /* XCRemoteSwiftPackageReference "ZIPFoundation" */,
				7C9364972325DF3300E01D12 /* XCRemoteSwiftPackageReference "GTFS" */,
			);
			productRefGroup = 4794CB7922AA81930065091F /* Products */;
			projectDirPath = "";
			projectRoot = "";
			targets = (
				4794CB7722AA81930065091F /* Station Notifier */,
				4794CB8D22AA81950065091F /* Station NotifierTests */,
			);
		};
/* End PBXProject section */

/* Begin PBXResourcesBuildPhase section */
		4794CB7622AA81930065091F /* Resources */ = {
			isa = PBXResourcesBuildPhase;
			buildActionMask = 2147483647;
			files = (
				4794CB8822AA81950065091F /* LaunchScreen.storyboard in Resources */,
				7C9364962325DE0F00E01D12 /* Default-568h@2x.png in Resources */,
				4794CB8522AA81950065091F /* Preview Assets.xcassets in Resources */,
				4794CB8222AA81950065091F /* Assets.xcassets in Resources */,
			);
			runOnlyForDeploymentPostprocessing = 0;
		};
		4794CB8C22AA81950065091F /* Resources */ = {
			isa = PBXResourcesBuildPhase;
			buildActionMask = 2147483647;
			files = (
			);
			runOnlyForDeploymentPostprocessing = 0;
		};
/* End PBXResourcesBuildPhase section */

/* Begin PBXSourcesBuildPhase section */
		4794CB7422AA81930065091F /* Sources */ = {
			isa = PBXSourcesBuildPhase;
			buildActionMask = 2147483647;
			files = (
				7C19DCCE22E4F24000708071 /* Trip.swift in Sources */,
				7C4CB5FF2314BD3900CAA3AA /* TransitSystemState.swift in Sources */,
				4742F61322DFCA1E00863C6E /* StationActions.swift in Sources */,
				7C9364912325D6ED00E01D12 /* NetworkingActions.swift in Sources */,
				7C3591B122FACE8400E2B19A /* DocumentsDirectoryWriterService.swift in Sources */,
				7C19DCCC22E4AD3A00708071 /* StationPickerView.swift in Sources */,
				7C43D43C22D5E819008AC918 /* ContentViewModel.swift in Sources */,
				7CAB9D5322DC08A0002E215F /* LocationReducer.swift in Sources */,
				7C93649B2327260400E01D12 /* UserDefaultStorage.swift in Sources */,
				7C3591F12300F4E200E2B19A /* UnzippingService.swift in Sources */,
				4794CB7C22AA81930065091F /* AppDelegate.swift in Sources */,
				7CAB9D5522DC8183002E215F /* CreateStartStation.swift in Sources */,
				4794CB7E22AA81930065091F /* SceneDelegate.swift in Sources */,
				7C69DFEF22E9B08D00240313 /* CLLocationExtension.swift in Sources */,
				7C4CB5FB2314BC2000CAA3AA /* TransitSystemPicker.swift in Sources */,
				7C3456E422EE7B4F00B341B0 /* CustomStringConvertibleExtension.swift in Sources */,
				7C4CB601231532F300CAA3AA /* LoggingMiddleware.swift in Sources */,
				7CAB9D5122DC078F002E215F /* AppReducer.swift in Sources */,
				7C93648F2325D6BF00E01D12 /* TransitSystemActions.swift in Sources */,
				7C375958232492F8000B129E /* TransitFeedsResponse.swift in Sources */,
				7CB6754922DEA99D0095E04B /* SearchField.swift in Sources */,
				7CA07E99232B25E10072B7F3 /* TransitFeedsPickerViewModel.swift in Sources */,
				7C45170222D95F210073E398 /* AppState.swift in Sources */,
				7C45170422D95F430073E398 /* LocationState.swift in Sources */,
				7C19DCD022E4F5BB00708071 /* TitledButton.swift in Sources */,
				4791937E22AA854C00EA30E4 /* LocationManager.swift in Sources */,
				7C7EB57F22E48E9300AF7418 /* Station.swift in Sources */,
				4726232D232C45BB00C056C0 /* TransitSystemPickerViewModel.swift in Sources */,
				7C69DFE722E7E53100240313 /* TripReducer.swift in Sources */,
				7C3591D022FBABF100E2B19A /* TransitSystem.swift in Sources */,
				7C69DFE522E7E4B900240313 /* TripActions.swift in Sources */,
				4742F61522DFCA8600863C6E /* StationReducer.swift in Sources */,
				4742F61022DFC94F00863C6E /* StationState.swift in Sources */,
				7C3456E622F056F200B341B0 /* PermissionManager.swift in Sources */,
				7C37595623247050000B129E /* ConstantsProtocol.swift in Sources */,
				7C4CB5FD2314BD0800CAA3AA /* TransitSystemReducer.swift in Sources */,
				7C3301DC233CBF2A001CC8A2 /* AppDelegateService.swift in Sources */,
				4794CB8022AA81930065091F /* ContentView.swift in Sources */,
				7C3591EF2300F42A00E2B19A /* GTFSService.swift in Sources */,
				7C9364A02327300100E01D12 /* Persistable.swift in Sources */,
				47A88E4B22DF40D5009E4CAF /* StationListCell.swift in Sources */,
				7C93648D2325D58E00E01D12 /* API.swift in Sources */,
				7C3591AC22F775FD00E2B19A /* TransitFeedsAPI.swift in Sources */,
				7C3591ED2300ED2100E2B19A /* CollectionExtensions.swift in Sources */,
				7C9364942325D8A600E01D12 /* TransitFeedsPicker.swift in Sources */,
				7C69DFE922E7E55A00240313 /* TripState.swift in Sources */,
				7C3759532324702F000B129E /* Constants.swift in Sources */,
			);
			runOnlyForDeploymentPostprocessing = 0;
		};
		4794CB8A22AA81950065091F /* Sources */ = {
			isa = PBXSourcesBuildPhase;
			buildActionMask = 2147483647;
			files = (
				7C30BB412329CC9000EE77ED /* LocationStateTests.swift in Sources */,
				7C30BB3823287A1400EE77ED /* UserDefaultStorage.swift in Sources */,
				7C30BB3D2328F93700EE77ED /* StationTests.swift in Sources */,
				7C3456E222EE29E200B341B0 /* Mocks.swift in Sources */,
			);
			runOnlyForDeploymentPostprocessing = 0;
		};
/* End PBXSourcesBuildPhase section */

/* Begin PBXTargetDependency section */
		4794CB9022AA81950065091F /* PBXTargetDependency */ = {
			isa = PBXTargetDependency;
			target = 4794CB7722AA81930065091F /* Station Notifier */;
			targetProxy = 4794CB8F22AA81950065091F /* PBXContainerItemProxy */;
		};
/* End PBXTargetDependency section */

/* Begin PBXVariantGroup section */
		4794CB8622AA81950065091F /* LaunchScreen.storyboard */ = {
			isa = PBXVariantGroup;
			children = (
				4794CB8722AA81950065091F /* Base */,
			);
			name = LaunchScreen.storyboard;
			sourceTree = "<group>";
		};
/* End PBXVariantGroup section */

/* Begin XCBuildConfiguration section */
		4794CB9522AA81950065091F /* Debug */ = {
			isa = XCBuildConfiguration;
			buildSettings = {
				ALWAYS_SEARCH_USER_PATHS = NO;
				CLANG_ANALYZER_NONNULL = YES;
				CLANG_ANALYZER_NUMBER_OBJECT_CONVERSION = YES_AGGRESSIVE;
				CLANG_CXX_LANGUAGE_STANDARD = "gnu++14";
				CLANG_CXX_LIBRARY = "libc++";
				CLANG_ENABLE_MODULES = YES;
				CLANG_ENABLE_OBJC_ARC = YES;
				CLANG_ENABLE_OBJC_WEAK = YES;
				CLANG_WARN_BLOCK_CAPTURE_AUTORELEASING = YES;
				CLANG_WARN_BOOL_CONVERSION = YES;
				CLANG_WARN_COMMA = YES;
				CLANG_WARN_CONSTANT_CONVERSION = YES;
				CLANG_WARN_DEPRECATED_OBJC_IMPLEMENTATIONS = YES;
				CLANG_WARN_DIRECT_OBJC_ISA_USAGE = YES_ERROR;
				CLANG_WARN_DOCUMENTATION_COMMENTS = YES;
				CLANG_WARN_EMPTY_BODY = YES;
				CLANG_WARN_ENUM_CONVERSION = YES;
				CLANG_WARN_INFINITE_RECURSION = YES;
				CLANG_WARN_INT_CONVERSION = YES;
				CLANG_WARN_NON_LITERAL_NULL_CONVERSION = YES;
				CLANG_WARN_OBJC_IMPLICIT_RETAIN_SELF = YES;
				CLANG_WARN_OBJC_LITERAL_CONVERSION = YES;
				CLANG_WARN_OBJC_ROOT_CLASS = YES_ERROR;
				CLANG_WARN_RANGE_LOOP_ANALYSIS = YES;
				CLANG_WARN_STRICT_PROTOTYPES = YES;
				CLANG_WARN_SUSPICIOUS_MOVE = YES;
				CLANG_WARN_UNGUARDED_AVAILABILITY = YES_AGGRESSIVE;
				CLANG_WARN_UNREACHABLE_CODE = YES;
				CLANG_WARN__DUPLICATE_METHOD_MATCH = YES;
				COPY_PHASE_STRIP = NO;
				DEBUG_INFORMATION_FORMAT = dwarf;
				ENABLE_STRICT_OBJC_MSGSEND = YES;
				ENABLE_TESTABILITY = YES;
				GCC_C_LANGUAGE_STANDARD = gnu11;
				GCC_DYNAMIC_NO_PIC = NO;
				GCC_NO_COMMON_BLOCKS = YES;
				GCC_OPTIMIZATION_LEVEL = 0;
				GCC_PREPROCESSOR_DEFINITIONS = (
					"DEBUG=1",
					"$(inherited)",
				);
				GCC_WARN_64_TO_32_BIT_CONVERSION = YES;
				GCC_WARN_ABOUT_RETURN_TYPE = YES_ERROR;
				GCC_WARN_UNDECLARED_SELECTOR = YES;
				GCC_WARN_UNINITIALIZED_AUTOS = YES_AGGRESSIVE;
				GCC_WARN_UNUSED_FUNCTION = YES;
				GCC_WARN_UNUSED_VARIABLE = YES;
				IPHONEOS_DEPLOYMENT_TARGET = 13.0;
				MTL_ENABLE_DEBUG_INFO = INCLUDE_SOURCE;
				MTL_FAST_MATH = YES;
				ONLY_ACTIVE_ARCH = YES;
				SDKROOT = iphoneos;
				SWIFT_ACTIVE_COMPILATION_CONDITIONS = DEBUG;
				SWIFT_OPTIMIZATION_LEVEL = "-Onone";
			};
			name = Debug;
		};
		4794CB9622AA81950065091F /* Release */ = {
			isa = XCBuildConfiguration;
			buildSettings = {
				ALWAYS_SEARCH_USER_PATHS = NO;
				CLANG_ANALYZER_NONNULL = YES;
				CLANG_ANALYZER_NUMBER_OBJECT_CONVERSION = YES_AGGRESSIVE;
				CLANG_CXX_LANGUAGE_STANDARD = "gnu++14";
				CLANG_CXX_LIBRARY = "libc++";
				CLANG_ENABLE_MODULES = YES;
				CLANG_ENABLE_OBJC_ARC = YES;
				CLANG_ENABLE_OBJC_WEAK = YES;
				CLANG_WARN_BLOCK_CAPTURE_AUTORELEASING = YES;
				CLANG_WARN_BOOL_CONVERSION = YES;
				CLANG_WARN_COMMA = YES;
				CLANG_WARN_CONSTANT_CONVERSION = YES;
				CLANG_WARN_DEPRECATED_OBJC_IMPLEMENTATIONS = YES;
				CLANG_WARN_DIRECT_OBJC_ISA_USAGE = YES_ERROR;
				CLANG_WARN_DOCUMENTATION_COMMENTS = YES;
				CLANG_WARN_EMPTY_BODY = YES;
				CLANG_WARN_ENUM_CONVERSION = YES;
				CLANG_WARN_INFINITE_RECURSION = YES;
				CLANG_WARN_INT_CONVERSION = YES;
				CLANG_WARN_NON_LITERAL_NULL_CONVERSION = YES;
				CLANG_WARN_OBJC_IMPLICIT_RETAIN_SELF = YES;
				CLANG_WARN_OBJC_LITERAL_CONVERSION = YES;
				CLANG_WARN_OBJC_ROOT_CLASS = YES_ERROR;
				CLANG_WARN_RANGE_LOOP_ANALYSIS = YES;
				CLANG_WARN_STRICT_PROTOTYPES = YES;
				CLANG_WARN_SUSPICIOUS_MOVE = YES;
				CLANG_WARN_UNGUARDED_AVAILABILITY = YES_AGGRESSIVE;
				CLANG_WARN_UNREACHABLE_CODE = YES;
				CLANG_WARN__DUPLICATE_METHOD_MATCH = YES;
				COPY_PHASE_STRIP = NO;
				DEBUG_INFORMATION_FORMAT = "dwarf-with-dsym";
				ENABLE_NS_ASSERTIONS = NO;
				ENABLE_STRICT_OBJC_MSGSEND = YES;
				GCC_C_LANGUAGE_STANDARD = gnu11;
				GCC_NO_COMMON_BLOCKS = YES;
				GCC_WARN_64_TO_32_BIT_CONVERSION = YES;
				GCC_WARN_ABOUT_RETURN_TYPE = YES_ERROR;
				GCC_WARN_UNDECLARED_SELECTOR = YES;
				GCC_WARN_UNINITIALIZED_AUTOS = YES_AGGRESSIVE;
				GCC_WARN_UNUSED_FUNCTION = YES;
				GCC_WARN_UNUSED_VARIABLE = YES;
				IPHONEOS_DEPLOYMENT_TARGET = 13.0;
				MTL_ENABLE_DEBUG_INFO = NO;
				MTL_FAST_MATH = YES;
				SDKROOT = iphoneos;
				SWIFT_COMPILATION_MODE = wholemodule;
				SWIFT_OPTIMIZATION_LEVEL = "-O";
				VALIDATE_PRODUCT = YES;
			};
			name = Release;
		};
		4794CB9822AA81950065091F /* Debug */ = {
			isa = XCBuildConfiguration;
			buildSettings = {
				ASSETCATALOG_COMPILER_APPICON_NAME = AppIcon;
				CODE_SIGN_STYLE = Automatic;
				DEVELOPMENT_ASSET_PATHS = "\"Station Notifier\"/Preview\\ Content";
				DEVELOPMENT_TEAM = FV9NULGJG4;
				ENABLE_PREVIEWS = YES;
				INFOPLIST_FILE = "$(SRCROOT)/Station Notifier/Other/Info.plist";
				LD_RUNPATH_SEARCH_PATHS = (
					"$(inherited)",
					"@executable_path/Frameworks",
				);
				PRODUCT_BUNDLE_IDENTIFIER = "com.ryanStone.Station-Notifier";
				PRODUCT_NAME = "$(TARGET_NAME)";
				SWIFT_VERSION = 5.0;
				TARGETED_DEVICE_FAMILY = "1,2";
			};
			name = Debug;
		};
		4794CB9922AA81950065091F /* Release */ = {
			isa = XCBuildConfiguration;
			buildSettings = {
				ASSETCATALOG_COMPILER_APPICON_NAME = AppIcon;
				CODE_SIGN_STYLE = Automatic;
				DEVELOPMENT_ASSET_PATHS = "\"Station Notifier\"/Preview\\ Content";
				DEVELOPMENT_TEAM = FV9NULGJG4;
				ENABLE_PREVIEWS = YES;
				INFOPLIST_FILE = "$(SRCROOT)/Station Notifier/Other/Info.plist";
				LD_RUNPATH_SEARCH_PATHS = (
					"$(inherited)",
					"@executable_path/Frameworks",
				);
				PRODUCT_BUNDLE_IDENTIFIER = "com.ryanStone.Station-Notifier";
				PRODUCT_NAME = "$(TARGET_NAME)";
				SWIFT_VERSION = 5.0;
				TARGETED_DEVICE_FAMILY = "1,2";
			};
			name = Release;
		};
		4794CB9B22AA81950065091F /* Debug */ = {
			isa = XCBuildConfiguration;
			buildSettings = {
				ALWAYS_EMBED_SWIFT_STANDARD_LIBRARIES = YES;
				BUNDLE_LOADER = "$(TEST_HOST)";
				CODE_SIGN_STYLE = Automatic;
				INFOPLIST_FILE = "Station NotifierTests/Info.plist";
				LD_RUNPATH_SEARCH_PATHS = (
					"$(inherited)",
					"@executable_path/Frameworks",
					"@loader_path/Frameworks",
				);
				PRODUCT_BUNDLE_IDENTIFIER = "com.ryanStone.Station-NotifierTests";
				PRODUCT_NAME = "$(TARGET_NAME)";
				SWIFT_VERSION = 5.0;
				TARGETED_DEVICE_FAMILY = "1,2";
				TEST_HOST = "$(BUILT_PRODUCTS_DIR)/Station Notifier.app/Station Notifier";
			};
			name = Debug;
		};
		4794CB9C22AA81950065091F /* Release */ = {
			isa = XCBuildConfiguration;
			buildSettings = {
				ALWAYS_EMBED_SWIFT_STANDARD_LIBRARIES = YES;
				BUNDLE_LOADER = "$(TEST_HOST)";
				CODE_SIGN_STYLE = Automatic;
				INFOPLIST_FILE = "Station NotifierTests/Info.plist";
				LD_RUNPATH_SEARCH_PATHS = (
					"$(inherited)",
					"@executable_path/Frameworks",
					"@loader_path/Frameworks",
				);
				PRODUCT_BUNDLE_IDENTIFIER = "com.ryanStone.Station-NotifierTests";
				PRODUCT_NAME = "$(TARGET_NAME)";
				SWIFT_VERSION = 5.0;
				TARGETED_DEVICE_FAMILY = "1,2";
				TEST_HOST = "$(BUILT_PRODUCTS_DIR)/Station Notifier.app/Station Notifier";
			};
			name = Release;
		};
/* End XCBuildConfiguration section */

/* Begin XCConfigurationList section */
		4794CB7322AA81930065091F /* Build configuration list for PBXProject "Station Notifier" */ = {
			isa = XCConfigurationList;
			buildConfigurations = (
				4794CB9522AA81950065091F /* Debug */,
				4794CB9622AA81950065091F /* Release */,
			);
			defaultConfigurationIsVisible = 0;
			defaultConfigurationName = Release;
		};
		4794CB9722AA81950065091F /* Build configuration list for PBXNativeTarget "Station Notifier" */ = {
			isa = XCConfigurationList;
			buildConfigurations = (
				4794CB9822AA81950065091F /* Debug */,
				4794CB9922AA81950065091F /* Release */,
			);
			defaultConfigurationIsVisible = 0;
			defaultConfigurationName = Release;
		};
		4794CB9A22AA81950065091F /* Build configuration list for PBXNativeTarget "Station NotifierTests" */ = {
			isa = XCConfigurationList;
			buildConfigurations = (
				4794CB9B22AA81950065091F /* Debug */,
				4794CB9C22AA81950065091F /* Release */,
			);
			defaultConfigurationIsVisible = 0;
			defaultConfigurationName = Release;
		};
/* End XCConfigurationList section */

/* Begin XCRemoteSwiftPackageReference section */
		7C3591AD22F901EE00E2B19A /* XCRemoteSwiftPackageReference "SwiftUIFlux" */ = {
			isa = XCRemoteSwiftPackageReference;
			repositoryURL = "https://github.com/Dimillian/SwiftUIFlux";
			requirement = {
				kind = upToNextMajorVersion;
				minimumVersion = 0.4.5;
			};
		};
		7C3591CC22FBA32900E2B19A /* XCRemoteSwiftPackageReference "ZIPFoundation" */ = {
			isa = XCRemoteSwiftPackageReference;
			repositoryURL = "https://github.com/weichsel/ZIPFoundation";
			requirement = {
				kind = upToNextMajorVersion;
				minimumVersion = 0.9.9;
			};
		};
		7C9364972325DF3300E01D12 /* XCRemoteSwiftPackageReference "GTFS" */ = {
			isa = XCRemoteSwiftPackageReference;
			repositoryURL = "https://github.com/ryantstone/GTFS";
			requirement = {
				branch = feature/importer;
				kind = branch;
			};
		};
/* End XCRemoteSwiftPackageReference section */

/* Begin XCSwiftPackageProductDependency section */
		7C3591AE22F901EE00E2B19A /* SwiftUIFlux */ = {
			isa = XCSwiftPackageProductDependency;
			package = 7C3591AD22F901EE00E2B19A /* XCRemoteSwiftPackageReference "SwiftUIFlux" */;
			productName = SwiftUIFlux;
		};
		7C3591CD22FBA32900E2B19A /* ZIPFoundation */ = {
			isa = XCSwiftPackageProductDependency;
			package = 7C3591CC22FBA32900E2B19A /* XCRemoteSwiftPackageReference "ZIPFoundation" */;
			productName = ZIPFoundation;
		};
		7C9364982325DF3300E01D12 /* GTFS */ = {
			isa = XCSwiftPackageProductDependency;
			package = 7C9364972325DF3300E01D12 /* XCRemoteSwiftPackageReference "GTFS" */;
			productName = GTFS;
		};
/* End XCSwiftPackageProductDependency section */
	};
	rootObject = 4794CB7022AA81930065091F /* Project object */;
}
