{
  "object": {
    "pins": [
      {
        "package": "SwiftUIFlux",
        "repositoryURL": "https://github.com/Dimillian/SwiftUIFlux",
        "state": {
          "branch": null,
          "revision": "aa97f7f053941ecf288824a92294bf39ab118dd1",
          "version": "0.4.5"
        }
      },
      {
        "package": "ZIPFoundation",
        "repositoryURL": "https://github.com/weichsel/ZIPFoundation",
        "state": {
          "branch": null,
          "revision": "edbeaa39b426e54702194b0a601342322f01e400",
          "version": "0.9.9"
        }
      }
    ]
  },
  "version": 1
}
