{
  "object": {
    "pins": [
      {
        "package": "CSV.swift",
        "repositoryURL": "https://github.com/yaslab/CSV.swift",
        "state": {
          "branch": null,
          "revision": "67c5209ae699d5d3ded866de5ee6a6b4005a1b56",
          "version": "2.4.2"
        }
      },
      {
        "package": "GTFS",
        "repositoryURL": "https://github.com/ryantstone/GTFS",
        "state": {
          "branch": "feature/importer",
          "revision": "be43e624b84ee85097245a2f3a878bcce27e518c",
          "version": null
        }
      },
      {
        "package": "SwiftUIFlux",
        "repositoryURL": "https://github.com/Dimillian/SwiftUIFlux",
        "state": {
          "branch": null,
          "revision": "aa97f7f053941ecf288824a92294bf39ab118dd1",
          "version": "0.4.5"
        }
      },
      {
        "package": "ZIPFoundation",
        "repositoryURL": "https://github.com/weichsel/ZIPFoundation",
        "state": {
          "branch": null,
          "revision": "edbeaa39b426e54702194b0a601342322f01e400",
          "version": "0.9.9"
        }
      }
    ]
  },
  "version": 1
}
